dependencies:
- name: postgresql
  repository: https://kubernetes-charts.storage.googleapis.com/
  version: 5.2.3
- name: nginx-ingress
  repository: https://kubernetes-charts.storage.googleapis.com/
  version: 1.6.16
digest: sha256:66b4581a52f8090cba50c8952b468aaca777e2959bdbfed5d242139d733b8e46
generated: "2019-06-03T14:02:06.213084-04:00"
